
Microsoft Visual Studio Solution File, Format Version 12.00
# Visual Studio Version 17
VisualStudioVersion = 17.7.34018.315
MinimumVisualStudioVersion = 10.0.40219.1
Project("{FAE04EC0-301F-11D3-BF4B-00C04F79EFBC}") = "Boff.KeywordTools", "Boff.KeywordTools.csproj", "{5EA28DBB-22A5-4DAE-AA62-32A692684891}"
EndProject
Project("{2150E333-8FDC-42A3-9474-1A3956D46DE8}") = "Solution Items", "Solution Items", "{699DF151-4ED9-4C2B-B4D0-50989BDD2C45}"
	ProjectSection(SolutionItems) = preProject
		.editorconfig = .editorconfig
	EndProjectSection
EndProject
Global
	GlobalSection(SolutionConfigurationPlatforms) = preSolution
		Debug|Any CPU = Debug|Any CPU
		Release|Any CPU = Release|Any CPU
	EndGlobalSection
	GlobalSection(ProjectConfigurationPlatforms) = postSolution
		{5EA28DBB-22A5-4DAE-AA62-32A692684891}.Debug|Any CPU.ActiveCfg = Debug|Any CPU
		{5EA28DBB-22A5-4DAE-AA62-32A692684891}.Debug|Any CPU.Build.0 = Debug|Any CPU
		{5EA28DBB-22A5-4DAE-AA62-32A692684891}.Release|Any CPU.ActiveCfg = Release|Any CPU
		{5EA28DBB-22A5-4DAE-AA62-32A692684891}.Release|Any CPU.Build.0 = Release|Any CPU
	EndGlobalSection
	GlobalSection(SolutionProperties) = preSolution
		HideSolutionNode = FALSE
	EndGlobalSection
	GlobalSection(ExtensibilityGlobals) = postSolution
		SolutionGuid = {5AD46225-30BE-4C43-851B-17D3157C95CE}
	EndGlobalSection
EndGlobal
